
Microsoft Visual Studio Solution File, Format Version 12.00
# Visual Studio 15
VisualStudioVersion = 15.0.28010.2036
MinimumVisualStudioVersion = 10.0.40219.1
Project("{FAE04EC0-301F-11D3-BF4B-00C04F79EFBC}") = "common.example.utils", "common.example.utils\common.example.utils.csproj", "{52EA656F-3C37-4028-A301-8DE875E4C106}"
EndProject
Project("{FAE04EC0-301F-11D3-BF4B-00C04F79EFBC}") = "common.example.test", "common.example.test\common.example.test.csproj", "{D3B3067F-41C8-4404-B1EC-AF305EE70F8D}"
EndProject
Global
	GlobalSection(SolutionConfigurationPlatforms) = preSolution
		Debug|Any CPU = Debug|Any CPU
		Release|Any CPU = Release|Any CPU
	EndGlobalSection
	GlobalSection(ProjectConfigurationPlatforms) = postSolution
		{52EA656F-3C37-4028-A301-8DE875E4C106}.Debug|Any CPU.ActiveCfg = Debug|Any CPU
		{52EA656F-3C37-4028-A301-8DE875E4C106}.Debug|Any CPU.Build.0 = Debug|Any CPU
		{52EA656F-3C37-4028-A301-8DE875E4C106}.Release|Any CPU.ActiveCfg = Release|Any CPU
		{52EA656F-3C37-4028-A301-8DE875E4C106}.Release|Any CPU.Build.0 = Release|Any CPU
		{D3B3067F-41C8-4404-B1EC-AF305EE70F8D}.Debug|Any CPU.ActiveCfg = Debug|Any CPU
		{D3B3067F-41C8-4404-B1EC-AF305EE70F8D}.Debug|Any CPU.Build.0 = Debug|Any CPU
		{D3B3067F-41C8-4404-B1EC-AF305EE70F8D}.Release|Any CPU.ActiveCfg = Release|Any CPU
		{D3B3067F-41C8-4404-B1EC-AF305EE70F8D}.Release|Any CPU.Build.0 = Release|Any CPU
	EndGlobalSection
	GlobalSection(SolutionProperties) = preSolution
		HideSolutionNode = FALSE
	EndGlobalSection
	GlobalSection(ExtensibilityGlobals) = postSolution
		SolutionGuid = {9F0516EA-FE94-4AB5-BA93-AABB2F0D9183}
	EndGlobalSection
EndGlobal
